
Microsoft Visual Studio Solution File, Format Version 12.00
# Visual Studio Version 16
VisualStudioVersion = 16.0.29905.134
MinimumVisualStudioVersion = 10.0.40219.1
Project("{9A19103F-16F7-4668-BE54-9A1E7A4F7556}") = "Product_Project", "Product_Project\Product_Project.csproj", "{CB9A2E2E-B3F6-41EE-BA3C-EFEC78C1AE73}"
EndProject
Project("{2150E333-8FDC-42A3-9474-1A3956D46DE8}") = "01- Presentation", "01- Presentation", "{69B5CC03-2E6D-4B3A-9FA2-3A3D7F4B979D}"
EndProject
Project("{2150E333-8FDC-42A3-9474-1A3956D46DE8}") = "02- Domain", "02- Domain", "{AFFD0750-6152-45A2-B757-4239D0595535}"
EndProject
Project("{9A19103F-16F7-4668-BE54-9A1E7A4F7556}") = "Produto_Domain.Model", "Domain\Produto_Domain.Model.csproj", "{2CB73970-46F3-4B9F-A14F-82CDD7790320}"
EndProject
Project("{2150E333-8FDC-42A3-9474-1A3956D46DE8}") = "03- Infrastucture", "03- Infrastucture", "{B5D0A301-23EF-469D-9F0D-34E72DB98776}"
EndProject
Project("{9A19103F-16F7-4668-BE54-9A1E7A4F7556}") = "Infastructure.Data", "Infastructure\Infastructure.Data.csproj", "{B1675E47-8434-48C2-9303-A808795EDC93}"
EndProject
Project("{2150E333-8FDC-42A3-9474-1A3956D46DE8}") = "04- Crosscutting", "04- Crosscutting", "{DCA74C81-34AB-40C9-9205-04D0137614EE}"
EndProject
Project("{9A19103F-16F7-4668-BE54-9A1E7A4F7556}") = "Crosscutting", "Crosscutting\Crosscutting.csproj", "{25311E74-7530-4C0E-B49A-5D061CEE01FD}"
EndProject
Project("{9A19103F-16F7-4668-BE54-9A1E7A4F7556}") = "Produto_Domain_Service", "Produto_Domain_Service\Produto_Domain_Service.csproj", "{FE952971-6838-4741-9F1D-C74EF7CB3202}"
EndProject
Global
	GlobalSection(SolutionConfigurationPlatforms) = preSolution
		Debug|Any CPU = Debug|Any CPU
		Release|Any CPU = Release|Any CPU
	EndGlobalSection
	GlobalSection(ProjectConfigurationPlatforms) = postSolution
		{CB9A2E2E-B3F6-41EE-BA3C-EFEC78C1AE73}.Debug|Any CPU.ActiveCfg = Debug|Any CPU
		{CB9A2E2E-B3F6-41EE-BA3C-EFEC78C1AE73}.Debug|Any CPU.Build.0 = Debug|Any CPU
		{CB9A2E2E-B3F6-41EE-BA3C-EFEC78C1AE73}.Release|Any CPU.ActiveCfg = Release|Any CPU
		{CB9A2E2E-B3F6-41EE-BA3C-EFEC78C1AE73}.Release|Any CPU.Build.0 = Release|Any CPU
		{2CB73970-46F3-4B9F-A14F-82CDD7790320}.Debug|Any CPU.ActiveCfg = Debug|Any CPU
		{2CB73970-46F3-4B9F-A14F-82CDD7790320}.Debug|Any CPU.Build.0 = Debug|Any CPU
		{2CB73970-46F3-4B9F-A14F-82CDD7790320}.Release|Any CPU.ActiveCfg = Release|Any CPU
		{2CB73970-46F3-4B9F-A14F-82CDD7790320}.Release|Any CPU.Build.0 = Release|Any CPU
		{B1675E47-8434-48C2-9303-A808795EDC93}.Debug|Any CPU.ActiveCfg = Debug|Any CPU
		{B1675E47-8434-48C2-9303-A808795EDC93}.Debug|Any CPU.Build.0 = Debug|Any CPU
		{B1675E47-8434-48C2-9303-A808795EDC93}.Release|Any CPU.ActiveCfg = Release|Any CPU
		{B1675E47-8434-48C2-9303-A808795EDC93}.Release|Any CPU.Build.0 = Release|Any CPU
		{25311E74-7530-4C0E-B49A-5D061CEE01FD}.Debug|Any CPU.ActiveCfg = Debug|Any CPU
		{25311E74-7530-4C0E-B49A-5D061CEE01FD}.Debug|Any CPU.Build.0 = Debug|Any CPU
		{25311E74-7530-4C0E-B49A-5D061CEE01FD}.Release|Any CPU.ActiveCfg = Release|Any CPU
		{25311E74-7530-4C0E-B49A-5D061CEE01FD}.Release|Any CPU.Build.0 = Release|Any CPU
		{FE952971-6838-4741-9F1D-C74EF7CB3202}.Debug|Any CPU.ActiveCfg = Debug|Any CPU
		{FE952971-6838-4741-9F1D-C74EF7CB3202}.Debug|Any CPU.Build.0 = Debug|Any CPU
		{FE952971-6838-4741-9F1D-C74EF7CB3202}.Release|Any CPU.ActiveCfg = Release|Any CPU
		{FE952971-6838-4741-9F1D-C74EF7CB3202}.Release|Any CPU.Build.0 = Release|Any CPU
	EndGlobalSection
	GlobalSection(SolutionProperties) = preSolution
		HideSolutionNode = FALSE
	EndGlobalSection
	GlobalSection(NestedProjects) = preSolution
		{CB9A2E2E-B3F6-41EE-BA3C-EFEC78C1AE73} = {69B5CC03-2E6D-4B3A-9FA2-3A3D7F4B979D}
		{2CB73970-46F3-4B9F-A14F-82CDD7790320} = {AFFD0750-6152-45A2-B757-4239D0595535}
		{B1675E47-8434-48C2-9303-A808795EDC93} = {B5D0A301-23EF-469D-9F0D-34E72DB98776}
		{25311E74-7530-4C0E-B49A-5D061CEE01FD} = {DCA74C81-34AB-40C9-9205-04D0137614EE}
		{FE952971-6838-4741-9F1D-C74EF7CB3202} = {AFFD0750-6152-45A2-B757-4239D0595535}
	EndGlobalSection
	GlobalSection(ExtensibilityGlobals) = postSolution
		SolutionGuid = {9ADBF268-2122-429E-9775-B13A450803C4}
	EndGlobalSection
EndGlobal
